
Microsoft Visual Studio Solution File, Format Version 12.00
# Visual Studio Version 16
VisualStudioVersion = 16.0.32126.315
MinimumVisualStudioVersion = 10.0.40219.1
Project("{FAE04EC0-301F-11D3-BF4B-00C04F79EFBC}") = "Fantaziq", "TravelCompany\Fantaziq.csproj", "{62730E57-0E92-4543-BDD1-6DDB52945782}"
EndProject
Global
	GlobalSection(SolutionConfigurationPlatforms) = preSolution
		Debug|Any CPU = Debug|Any CPU
		Release|Any CPU = Release|Any CPU
	EndGlobalSection
	GlobalSection(ProjectConfigurationPlatforms) = postSolution
		{62730E57-0E92-4543-BDD1-6DDB52945782}.Debug|Any CPU.ActiveCfg = Debug|Any CPU
		{62730E57-0E92-4543-BDD1-6DDB52945782}.Debug|Any CPU.Build.0 = Debug|Any CPU
		{62730E57-0E92-4543-BDD1-6DDB52945782}.Release|Any CPU.ActiveCfg = Release|Any CPU
		{62730E57-0E92-4543-BDD1-6DDB52945782}.Release|Any CPU.Build.0 = Release|Any CPU
	EndGlobalSection
	GlobalSection(SolutionProperties) = preSolution
		HideSolutionNode = FALSE
	EndGlobalSection
	GlobalSection(ExtensibilityGlobals) = postSolution
		SolutionGuid = {894E8F9F-670B-43E9-BE44-8FA7BCB9BF61}
	EndGlobalSection
EndGlobal
